[[package]]
name = "apt-wrapper"
version = "1.18"
description = "A simpler interface to the Debian/Ubuntu APT command-line tools."
category = "main"
optional = false
python-versions = "*"

[[package]]
name = "beautifulsoup4"
version = "4.11.1"
description = "Screen-scraping library"
category = "main"
optional = false
python-versions = ">=3.6.0"

[package.dependencies]
soupsieve = ">1.2"

[package.extras]
html5lib = ["html5lib"]
lxml = ["lxml"]

[[package]]
name = "html5lib"
version = "1.1"
description = "HTML parser based on the WHATWG HTML specification"
category = "main"
optional = false
python-versions = ">=2.7, !=3.0.*, !=3.1.*, !=3.2.*, !=3.3.*, !=3.4.*"

[package.dependencies]
six = ">=1.9"
webencodings = "*"

[package.extras]
all = ["genshi", "chardet (>=2.2)", "lxml"]
chardet = ["chardet (>=2.2)"]
genshi = ["genshi"]
lxml = ["lxml"]

[[package]]
name = "invoke"
version = "1.7.3"
description = "Pythonic task execution"
category = "main"
optional = false
python-versions = "*"

[[package]]
name = "mechanize"
version = "0.4.8"
description = "Stateful, programmatic web browsing"
category = "main"
optional = false
python-versions = "*"

[package.dependencies]
html5lib = ">=0.999999999"

[package.extras]
binarytest = ["lxml", "html5-parser"]
fast = ["html5-parser (>=0.4.4)"]
test = ["twisted", "service-identity", "six", "html5lib"]

[[package]]
name = "pygeoip"
version = "0.3.2"
description = "Pure Python GeoIP API"
category = "main"
optional = false
python-versions = "*"

[[package]]
name = "pypdf"
version = "1.13"
description = "PDF toolkit"
category = "main"
optional = false
python-versions = "*"

[[package]]
name = "python3-nmap"
version = "1.6.0"
description = "Python3-nmap converts Nmap commands into python3 methods making it very easy to use nmap in any of your python pentesting projects"
category = "main"
optional = false
python-versions = ">=3.6"

[package.dependencies]
simplejson = "*"

[[package]]
name = "scapy"
version = "2.4.5"
description = "Scapy: interactive packet manipulation tool"
category = "main"
optional = false
python-versions = ">=2.7, !=3.0.*, !=3.1.*, !=3.2.*, !=3.3.*, <4"

[package.extras]
basic = ["ipython"]
complete = ["ipython", "pyx", "cryptography (>=2.0)", "matplotlib"]
docs = ["sphinx (>=3.0.0)", "sphinx_rtd_theme (>=0.4.3)", "tox (>=3.0.0)"]

[[package]]
name = "simplejson"
version = "3.18.0"
description = "Simple, fast, extensible JSON encoder/decoder for Python"
category = "main"
optional = false
python-versions = ">=2.5, !=3.0.*, !=3.1.*, !=3.2.*"

[[package]]
name = "six"
version = "1.16.0"
description = "Python 2 and 3 compatibility utilities"
category = "main"
optional = false
python-versions = ">=2.7, !=3.0.*, !=3.1.*, !=3.2.*"

[[package]]
name = "soupsieve"
version = "2.3.2.post1"
description = "A modern CSS selector implementation for Beautiful Soup."
category = "main"
optional = false
python-versions = ">=3.6"

[[package]]
name = "sudoaptinstall"
version = "0.3"
description = "Python3 module to install APT Packages."
category = "main"
optional = false
python-versions = "*"

[package.dependencies]
invoke = "*"

[[package]]
name = "webencodings"
version = "0.5.1"
description = "Character encoding aliases for legacy web content"
category = "main"
optional = false
python-versions = "*"

[metadata]
lock-version = "1.1"
python-versions = "^3.8"
content-hash = "3d9016e52a641150c304cdde8bca361f4bb1dfb8b4be7160d126a6f9a3875821"

[metadata.files]
apt-wrapper = []
beautifulsoup4 = []
html5lib = []
invoke = []
mechanize = []
pygeoip = []
pypdf = []
python3-nmap = []
scapy = []
simplejson = []
six = []
soupsieve = []
sudoaptinstall = []
webencodings = []
